Microsoft Visual Studio Solution File, Format Version 12.00
# Visual Studio Version 17
VisualStudioVersion = 17.5.2.0
MinimumVisualStudioVersion = 10.0.40219.1
Project("{FAE04EC0-301F-11D3-BF4B-00C04F79EFBC}") = "ChatAgent", "ChatAgent.csproj", "{0BE7530C-AE59-F982-2E74-DD8FF41D4407}"
EndProject
Global
	GlobalSection(SolutionConfigurationPlatforms) = preSolution
		Debug|Any CPU = Debug|Any CPU
		Release|Any CPU = Release|Any CPU
	EndGlobalSection
	GlobalSection(ProjectConfigurationPlatforms) = postSolution
		{0BE7530C-AE59-F982-2E74-DD8FF41D4407}.Debug|Any CPU.ActiveCfg = Debug|Any CPU
		{0BE7530C-AE59-F982-2E74-DD8FF41D4407}.Debug|Any CPU.Build.0 = Debug|Any CPU
		{0BE7530C-AE59-F982-2E74-DD8FF41D4407}.Release|Any CPU.ActiveCfg = Release|Any CPU
		{0BE7530C-AE59-F982-2E74-DD8FF41D4407}.Release|Any CPU.Build.0 = Release|Any CPU
	EndGlobalSection
	GlobalSection(SolutionProperties) = preSolution
		HideSolutionNode = FALSE
	EndGlobalSection
	GlobalSection(ExtensibilityGlobals) = postSolution
		SolutionGuid = {A23D8506-AA18-4878-A469-4B23E46A5FB8}
	EndGlobalSection
EndGlobal
